
Microsoft Visual Studio Solution File, Format Version 12.00
# Visual Studio Version 16
VisualStudioVersion = 16.0.30114.105
MinimumVisualStudioVersion = 10.0.40219.1
Project("{FAE04EC0-301F-11D3-BF4B-00C04F79EFBC}") = "ConsoleApp3chuancan2", "ConsoleApp3chuancan2\ConsoleApp3chuancan2.csproj", "{9D16306B-E9CB-4621-BCCB-5C773D6BF16A}"
EndProject
Global
	GlobalSection(SolutionConfigurationPlatforms) = preSolution
		Debug|Any CPU = Debug|Any CPU
		Release|Any CPU = Release|Any CPU
	EndGlobalSection
	GlobalSection(ProjectConfigurationPlatforms) = postSolution
		{9D16306B-E9CB-4621-BCCB-5C773D6BF16A}.Debug|Any CPU.ActiveCfg = Debug|Any CPU
		{9D16306B-E9CB-4621-BCCB-5C773D6BF16A}.Debug|Any CPU.Build.0 = Debug|Any CPU
		{9D16306B-E9CB-4621-BCCB-5C773D6BF16A}.Release|Any CPU.ActiveCfg = Release|Any CPU
		{9D16306B-E9CB-4621-BCCB-5C773D6BF16A}.Release|Any CPU.Build.0 = Release|Any CPU
	EndGlobalSection
	GlobalSection(SolutionProperties) = preSolution
		HideSolutionNode = FALSE
	EndGlobalSection
	GlobalSection(ExtensibilityGlobals) = postSolution
		SolutionGuid = {A18DC879-F9F7-471F-9251-F0DA1AA85167}
	EndGlobalSection
EndGlobal
