
Microsoft Visual Studio Solution File, Format Version 12.00
# Visual Studio Version 16
VisualStudioVersion = 16.0.30114.105
MinimumVisualStudioVersion = 10.0.40219.1
Project("{FAE04EC0-301F-11D3-BF4B-00C04F79EFBC}") = "ConsoleApp2var", "ConsoleApp2var\ConsoleApp2var.csproj", "{62298F0C-128C-4C43-9B41-0C6B7EEC7969}"
EndProject
Global
	GlobalSection(SolutionConfigurationPlatforms) = preSolution
		Debug|Any CPU = Debug|Any CPU
		Release|Any CPU = Release|Any CPU
	EndGlobalSection
	GlobalSection(ProjectConfigurationPlatforms) = postSolution
		{62298F0C-128C-4C43-9B41-0C6B7EEC7969}.Debug|Any CPU.ActiveCfg = Debug|Any CPU
		{62298F0C-128C-4C43-9B41-0C6B7EEC7969}.Debug|Any CPU.Build.0 = Debug|Any CPU
		{62298F0C-128C-4C43-9B41-0C6B7EEC7969}.Release|Any CPU.ActiveCfg = Release|Any CPU
		{62298F0C-128C-4C43-9B41-0C6B7EEC7969}.Release|Any CPU.Build.0 = Release|Any CPU
	EndGlobalSection
	GlobalSection(SolutionProperties) = preSolution
		HideSolutionNode = FALSE
	EndGlobalSection
	GlobalSection(ExtensibilityGlobals) = postSolution
		SolutionGuid = {991F021E-EF7E-47CD-9B8E-883D80F2ACD8}
	EndGlobalSection
EndGlobal
