
Microsoft Visual Studio Solution File, Format Version 12.00
# Visual Studio Version 16
VisualStudioVersion = 16.0.30114.105
MinimumVisualStudioVersion = 10.0.40219.1
Project("{FAE04EC0-301F-11D3-BF4B-00C04F79EFBC}") = "ConsoleApp3gzfn", "ConsoleApp3gzfn\ConsoleApp3gzfn.csproj", "{6E44F5DA-58B3-41CB-A740-F785ECA2EA40}"
EndProject
Global
	GlobalSection(SolutionConfigurationPlatforms) = preSolution
		Debug|Any CPU = Debug|Any CPU
		Release|Any CPU = Release|Any CPU
	EndGlobalSection
	GlobalSection(ProjectConfigurationPlatforms) = postSolution
		{6E44F5DA-58B3-41CB-A740-F785ECA2EA40}.Debug|Any CPU.ActiveCfg = Debug|Any CPU
		{6E44F5DA-58B3-41CB-A740-F785ECA2EA40}.Debug|Any CPU.Build.0 = Debug|Any CPU
		{6E44F5DA-58B3-41CB-A740-F785ECA2EA40}.Release|Any CPU.ActiveCfg = Release|Any CPU
		{6E44F5DA-58B3-41CB-A740-F785ECA2EA40}.Release|Any CPU.Build.0 = Release|Any CPU
	EndGlobalSection
	GlobalSection(SolutionProperties) = preSolution
		HideSolutionNode = FALSE
	EndGlobalSection
	GlobalSection(ExtensibilityGlobals) = postSolution
		SolutionGuid = {853BAA3F-43D8-4EC3-8973-F94E8C0647E6}
	EndGlobalSection
EndGlobal
